// !$*UTF8*$!
{
	archiveVersion = 1;
	classes = {
	};
	objectVersion = 48;
	objects = {

/* Begin PBXBuildFile section */
		1F85913C2067FAFD00F84540 /* AppDelegate.swift in Sources */ = {isa = PBXBuildFile; fileRef = 1F85913B2067FAFD00F84540 /* AppDelegate.swift */; };
		1F8591432067FAFD00F84540 /* Assets.xcassets in Resources */ = {isa = PBXBuildFile; fileRef = 1F8591422067FAFD00F84540 /* Assets.xcassets */; };
		1F8591462067FAFD00F84540 /* LaunchScreen.storyboard in Resources */ = {isa = PBXBuildFile; fileRef = 1F8591442067FAFD00F84540 /* LaunchScreen.storyboard */; };
		1F8591512067FAFE00F84540 /* bpp_mobile_testTests.swift in Sources */ = {isa = PBXBuildFile; fileRef = 1F8591502067FAFE00F84540 /* bpp_mobile_testTests.swift */; };
		1F85915E20681E4700F84540 /* Dispatcher.swift in Sources */ = {isa = PBXBuildFile; fileRef = 1F85915D20681E4700F84540 /* Dispatcher.swift */; };
		1F85916220681EAE00F84540 /* Request.swift in Sources */ = {isa = PBXBuildFile; fileRef = 1F85916120681EAE00F84540 /* Request.swift */; };
		1F85916420681ED300F84540 /* Response.swift in Sources */ = {isa = PBXBuildFile; fileRef = 1F85916320681ED300F84540 /* Response.swift */; };
		1F85916620681F3B00F84540 /* Result.swift in Sources */ = {isa = PBXBuildFile; fileRef = 1F85916520681F3B00F84540 /* Result.swift */; };
		1F85916820681F8500F84540 /* ConnectionDispatcher.swift in Sources */ = {isa = PBXBuildFile; fileRef = 1F85916720681F8500F84540 /* ConnectionDispatcher.swift */; };
		1F85916A2068204500F84540 /* ConnectionEnvironment.swift in Sources */ = {isa = PBXBuildFile; fileRef = 1F8591692068204500F84540 /* ConnectionEnvironment.swift */; };
		1F85916C2068207D00F84540 /* ConnectionCore.swift in Sources */ = {isa = PBXBuildFile; fileRef = 1F85916B2068207D00F84540 /* ConnectionCore.swift */; };
		1F85916E2068247200F84540 /* ConnectionRouter.swift in Sources */ = {isa = PBXBuildFile; fileRef = 1F85916D2068247200F84540 /* ConnectionRouter.swift */; };
		1F8591732068261D00F84540 /* LoginService.swift in Sources */ = {isa = PBXBuildFile; fileRef = 1F8591722068261D00F84540 /* LoginService.swift */; };
		1F8591782068370D00F84540 /* ResponseModel.swift in Sources */ = {isa = PBXBuildFile; fileRef = 1F8591772068370D00F84540 /* ResponseModel.swift */; };
		1F85917F20683F9600F84540 /* LoginServiceSpec.swift in Sources */ = {isa = PBXBuildFile; fileRef = 1F85917E20683F9600F84540 /* LoginServiceSpec.swift */; };
		1F8591852068457E00F84540 /* ViewConfiguration.swift in Sources */ = {isa = PBXBuildFile; fileRef = 1F8591842068457E00F84540 /* ViewConfiguration.swift */; };
		1F859187206846FF00F84540 /* LoginView.swift in Sources */ = {isa = PBXBuildFile; fileRef = 1F859186206846FF00F84540 /* LoginView.swift */; };
		1F85918920684D2D00F84540 /* LoginViewController.swift in Sources */ = {isa = PBXBuildFile; fileRef = 1F85918820684D2D00F84540 /* LoginViewController.swift */; };
		1F85919020685C6A00F84540 /* InvoiceService.swift in Sources */ = {isa = PBXBuildFile; fileRef = 1F85918F20685C6A00F84540 /* InvoiceService.swift */; };
		1F85919220685CA700F84540 /* Invoice.swift in Sources */ = {isa = PBXBuildFile; fileRef = 1F85919120685CA700F84540 /* Invoice.swift */; };
		1F85919420685DC800F84540 /* InvoiceViewController.swift in Sources */ = {isa = PBXBuildFile; fileRef = 1F85919320685DC800F84540 /* InvoiceViewController.swift */; };
		1F8591962068665900F84540 /* InvoiceView.swift in Sources */ = {isa = PBXBuildFile; fileRef = 1F8591952068665900F84540 /* InvoiceView.swift */; };
		1F85919920686A0D00F84540 /* InvoiceTableViewCell.swift in Sources */ = {isa = PBXBuildFile; fileRef = 1F85919820686A0D00F84540 /* InvoiceTableViewCell.swift */; };
		1F85919C206874F200F84540 /* InvoiceDataSource.swift in Sources */ = {isa = PBXBuildFile; fileRef = 1F85919B206874F200F84540 /* InvoiceDataSource.swift */; };
		1F85919E206882A500F84540 /* InvoiceStatus.swift in Sources */ = {isa = PBXBuildFile; fileRef = 1F85919D206882A500F84540 /* InvoiceStatus.swift */; };
		25F29E9C783E52FB43D47061 /* Pods_bpp_mobile_testTests.framework in Frameworks */ = {isa = PBXBuildFile; fileRef = B61F4E1558E9F12929F804DF /* Pods_bpp_mobile_testTests.framework */; };
		7D2020053EFC73F37DB18521 /* Pods_bpp_mobile_test.framework in Frameworks */ = {isa = PBXBuildFile; fileRef = 5169849646C9954A7A7860FA /* Pods_bpp_mobile_test.framework */; };
/* End PBXBuildFile section */

/* Begin PBXContainerItemProxy section */
		1F85914D2067FAFE00F84540 /* PBXContainerItemProxy */ = {
			isa = PBXContainerItemProxy;
			containerPortal = 1F8591302067FAFD00F84540 /* Project object */;
			proxyType = 1;
			remoteGlobalIDString = 1F8591372067FAFD00F84540;
			remoteInfo = "bpp-mobile-test";
		};
/* End PBXContainerItemProxy section */

/* Begin PBXFileReference section */
		1F8591382067FAFD00F84540 /* bpp-mobile-test.app */ = {isa = PBXFileReference; explicitFileType = wrapper.application; includeInIndex = 0; path = "bpp-mobile-test.app"; sourceTree = BUILT_PRODUCTS_DIR; };
		1F85913B2067FAFD00F84540 /* AppDelegate.swift */ = {isa = PBXFileReference; lastKnownFileType = sourcecode.swift; path = AppDelegate.swift; sourceTree = "<group>"; };
		1F8591422067FAFD00F84540 /* Assets.xcassets */ = {isa = PBXFileReference; lastKnownFileType = folder.assetcatalog; path = Assets.xcassets; sourceTree = "<group>"; };
		1F8591452067FAFD00F84540 /* Base */ = {isa = PBXFileReference; lastKnownFileType = file.storyboard; name = Base; path = Base.lproj/LaunchScreen.storyboard; sourceTree = "<group>"; };
		1F8591472067FAFD00F84540 /* Info.plist */ = {isa = PBXFileReference; lastKnownFileType = text.plist.xml; path = Info.plist; sourceTree = "<group>"; };
		1F85914C2067FAFE00F84540 /* bpp-mobile-testTests.xctest */ = {isa = PBXFileReference; explicitFileType = wrapper.cfbundle; includeInIndex = 0; path = "bpp-mobile-testTests.xctest"; sourceTree = BUILT_PRODUCTS_DIR; };
		1F8591502067FAFE00F84540 /* bpp_mobile_testTests.swift */ = {isa = PBXFileReference; lastKnownFileType = sourcecode.swift; path = bpp_mobile_testTests.swift; sourceTree = "<group>"; };
		1F8591522067FAFE00F84540 /* Info.plist */ = {isa = PBXFileReference; lastKnownFileType = text.plist.xml; path = Info.plist; sourceTree = "<group>"; };
		1F85915D20681E4700F84540 /* Dispatcher.swift */ = {isa = PBXFileReference; lastKnownFileType = sourcecode.swift; path = Dispatcher.swift; sourceTree = "<group>"; };
		1F85916120681EAE00F84540 /* Request.swift */ = {isa = PBXFileReference; lastKnownFileType = sourcecode.swift; path = Request.swift; sourceTree = "<group>"; };
		1F85916320681ED300F84540 /* Response.swift */ = {isa = PBXFileReference; lastKnownFileType = sourcecode.swift; path = Response.swift; sourceTree = "<group>"; };
		1F85916520681F3B00F84540 /* Result.swift */ = {isa = PBXFileReference; lastKnownFileType = sourcecode.swift; path = Result.swift; sourceTree = "<group>"; };
		1F85916720681F8500F84540 /* ConnectionDispatcher.swift */ = {isa = PBXFileReference; lastKnownFileType = sourcecode.swift; path = ConnectionDispatcher.swift; sourceTree = "<group>"; };
		1F8591692068204500F84540 /* ConnectionEnvironment.swift */ = {isa = PBXFileReference; lastKnownFileType = sourcecode.swift; path = ConnectionEnvironment.swift; sourceTree = "<group>"; };
		1F85916B2068207D00F84540 /* ConnectionCore.swift */ = {isa = PBXFileReference; lastKnownFileType = sourcecode.swift; path = ConnectionCore.swift; sourceTree = "<group>"; };
		1F85916D2068247200F84540 /* ConnectionRouter.swift */ = {isa = PBXFileReference; lastKnownFileType = sourcecode.swift; path = ConnectionRouter.swift; sourceTree = "<group>"; };
		1F8591722068261D00F84540 /* LoginService.swift */ = {isa = PBXFileReference; lastKnownFileType = sourcecode.swift; path = LoginService.swift; sourceTree = "<group>"; };
		1F8591772068370D00F84540 /* ResponseModel.swift */ = {isa = PBXFileReference; lastKnownFileType = sourcecode.swift; path = ResponseModel.swift; sourceTree = "<group>"; };
		1F85917E20683F9600F84540 /* LoginServiceSpec.swift */ = {isa = PBXFileReference; lastKnownFileType = sourcecode.swift; path = LoginServiceSpec.swift; sourceTree = "<group>"; };
		1F8591842068457E00F84540 /* ViewConfiguration.swift */ = {isa = PBXFileReference; lastKnownFileType = sourcecode.swift; path = ViewConfiguration.swift; sourceTree = "<group>"; };
		1F859186206846FF00F84540 /* LoginView.swift */ = {isa = PBXFileReference; lastKnownFileType = sourcecode.swift; path = LoginView.swift; sourceTree = "<group>"; };
		1F85918820684D2D00F84540 /* LoginViewController.swift */ = {isa = PBXFileReference; lastKnownFileType = sourcecode.swift; path = LoginViewController.swift; sourceTree = "<group>"; };
		1F85918F20685C6A00F84540 /* InvoiceService.swift */ = {isa = PBXFileReference; lastKnownFileType = sourcecode.swift; path = InvoiceService.swift; sourceTree = "<group>"; };
		1F85919120685CA700F84540 /* Invoice.swift */ = {isa = PBXFileReference; lastKnownFileType = sourcecode.swift; path = Invoice.swift; sourceTree = "<group>"; };
		1F85919320685DC800F84540 /* InvoiceViewController.swift */ = {isa = PBXFileReference; lastKnownFileType = sourcecode.swift; path = InvoiceViewController.swift; sourceTree = "<group>"; };
		1F8591952068665900F84540 /* InvoiceView.swift */ = {isa = PBXFileReference; lastKnownFileType = sourcecode.swift; path = InvoiceView.swift; sourceTree = "<group>"; };
		1F85919820686A0D00F84540 /* InvoiceTableViewCell.swift */ = {isa = PBXFileReference; lastKnownFileType = sourcecode.swift; path = InvoiceTableViewCell.swift; sourceTree = "<group>"; };
		1F85919B206874F200F84540 /* InvoiceDataSource.swift */ = {isa = PBXFileReference; lastKnownFileType = sourcecode.swift; path = InvoiceDataSource.swift; sourceTree = "<group>"; };
		1F85919D206882A500F84540 /* InvoiceStatus.swift */ = {isa = PBXFileReference; lastKnownFileType = sourcecode.swift; path = InvoiceStatus.swift; sourceTree = "<group>"; };
		333A41103A063AF1F16547CA /* Pods-bpp-mobile-testTests.release.xcconfig */ = {isa = PBXFileReference; includeInIndex = 1; lastKnownFileType = text.xcconfig; name = "Pods-bpp-mobile-testTests.release.xcconfig"; path = "Pods/Target Support Files/Pods-bpp-mobile-testTests/Pods-bpp-mobile-testTests.release.xcconfig"; sourceTree = "<group>"; };
		5169849646C9954A7A7860FA /* Pods_bpp_mobile_test.framework */ = {isa = PBXFileReference; explicitFileType = wrapper.framework; includeInIndex = 0; path = Pods_bpp_mobile_test.framework; sourceTree = BUILT_PRODUCTS_DIR; };
		66F209FA688E292FD2B944F4 /* Pods-bpp-mobile-test.debug.xcconfig */ = {isa = PBXFileReference; includeInIndex = 1; lastKnownFileType = text.xcconfig; name = "Pods-bpp-mobile-test.debug.xcconfig"; path = "Pods/Target Support Files/Pods-bpp-mobile-test/Pods-bpp-mobile-test.debug.xcconfig"; sourceTree = "<group>"; };
		714DB2D0CE69290230BBEC99 /* Pods-bpp-mobile-test.release.xcconfig */ = {isa = PBXFileReference; includeInIndex = 1; lastKnownFileType = text.xcconfig; name = "Pods-bpp-mobile-test.release.xcconfig"; path = "Pods/Target Support Files/Pods-bpp-mobile-test/Pods-bpp-mobile-test.release.xcconfig"; sourceTree = "<group>"; };
		80FEE4A2662A6ACEBEE24342 /* Pods-bpp-mobile-testTests.debug.xcconfig */ = {isa = PBXFileReference; includeInIndex = 1; lastKnownFileType = text.xcconfig; name = "Pods-bpp-mobile-testTests.debug.xcconfig"; path = "Pods/Target Support Files/Pods-bpp-mobile-testTests/Pods-bpp-mobile-testTests.debug.xcconfig"; sourceTree = "<group>"; };
		B61F4E1558E9F12929F804DF /* Pods_bpp_mobile_testTests.framework */ = {isa = PBXFileReference; explicitFileType = wrapper.framework; includeInIndex = 0; path = Pods_bpp_mobile_testTests.framework; sourceTree = BUILT_PRODUCTS_DIR; };
/* End PBXFileReference section */

/* Begin PBXFrameworksBuildPhase section */
		1F8591352067FAFD00F84540 /* Frameworks */ = {
			isa = PBXFrameworksBuildPhase;
			buildActionMask = 2147483647;
			files = (
				7D2020053EFC73F37DB18521 /* Pods_bpp_mobile_test.framework in Frameworks */,
			);
			runOnlyForDeploymentPostprocessing = 0;
		};
		1F8591492067FAFE00F84540 /* Frameworks */ = {
			isa = PBXFrameworksBuildPhase;
			buildActionMask = 2147483647;
			files = (
				25F29E9C783E52FB43D47061 /* Pods_bpp_mobile_testTests.framework in Frameworks */,
			);
			runOnlyForDeploymentPostprocessing = 0;
		};
/* End PBXFrameworksBuildPhase section */

/* Begin PBXGroup section */
		1F85912F2067FAFD00F84540 = {
			isa = PBXGroup;
			children = (
				1F85913A2067FAFD00F84540 /* bpp-mobile-test */,
				1F85914F2067FAFE00F84540 /* bpp-mobile-testTests */,
				1F8591392067FAFD00F84540 /* Products */,
				D68EE7FEE38F31A43AFC5337 /* Pods */,
				C70F327547331D45CD191E74 /* Frameworks */,
			);
			sourceTree = "<group>";
		};
		1F8591392067FAFD00F84540 /* Products */ = {
			isa = PBXGroup;
			children = (
				1F8591382067FAFD00F84540 /* bpp-mobile-test.app */,
				1F85914C2067FAFE00F84540 /* bpp-mobile-testTests.xctest */,
			);
			name = Products;
			sourceTree = "<group>";
		};
		1F85913A2067FAFD00F84540 /* bpp-mobile-test */ = {
			isa = PBXGroup;
			children = (
				1F85916F206825EE00F84540 /* Features */,
				1F85915B2068129000F84540 /* Shared */,
				1F85913B2067FAFD00F84540 /* AppDelegate.swift */,
				1F8591422067FAFD00F84540 /* Assets.xcassets */,
				1F8591442067FAFD00F84540 /* LaunchScreen.storyboard */,
				1F8591472067FAFD00F84540 /* Info.plist */,
			);
			path = "bpp-mobile-test";
			sourceTree = "<group>";
		};
		1F85914F2067FAFE00F84540 /* bpp-mobile-testTests */ = {
			isa = PBXGroup;
			children = (
				1F85917A20683F4400F84540 /* Features */,
				1F85917920683F3A00F84540 /* Shared */,
				1F8591502067FAFE00F84540 /* bpp_mobile_testTests.swift */,
				1F8591522067FAFE00F84540 /* Info.plist */,
			);
			path = "bpp-mobile-testTests";
			sourceTree = "<group>";
		};
		1F85915B2068129000F84540 /* Shared */ = {
			isa = PBXGroup;
			children = (
				1F859183206843DF00F84540 /* View */,
				1F85917420682A7200F84540 /* Model */,
				1F85915C206814D400F84540 /* Connection */,
			);
			path = Shared;
			sourceTree = "<group>";
		};
		1F85915C206814D400F84540 /* Connection */ = {
			isa = PBXGroup;
			children = (
				1F85915D20681E4700F84540 /* Dispatcher.swift */,
				1F85916120681EAE00F84540 /* Request.swift */,
				1F85916320681ED300F84540 /* Response.swift */,
				1F85916520681F3B00F84540 /* Result.swift */,
				1F85916720681F8500F84540 /* ConnectionDispatcher.swift */,
				1F8591692068204500F84540 /* ConnectionEnvironment.swift */,
				1F85916B2068207D00F84540 /* ConnectionCore.swift */,
				1F85916D2068247200F84540 /* ConnectionRouter.swift */,
			);
			path = Connection;
			sourceTree = "<group>";
		};
		1F85916F206825EE00F84540 /* Features */ = {
			isa = PBXGroup;
			children = (
				1F85918A20685C0100F84540 /* Invoice */,
				1F859170206825F600F84540 /* Login */,
			);
			path = Features;
			sourceTree = "<group>";
		};
		1F859170206825F600F84540 /* Login */ = {
			isa = PBXGroup;
			children = (
				1F859182206843D100F84540 /* View */,
				1F859181206843C800F84540 /* Controller */,
				1F859171206825FC00F84540 /* Service */,
			);
			path = Login;
			sourceTree = "<group>";
		};
		1F859171206825FC00F84540 /* Service */ = {
			isa = PBXGroup;
			children = (
				1F8591722068261D00F84540 /* LoginService.swift */,
			);
			path = Service;
			sourceTree = "<group>";
		};
		1F85917420682A7200F84540 /* Model */ = {
			isa = PBXGroup;
			children = (
				1F8591772068370D00F84540 /* ResponseModel.swift */,
			);
			path = Model;
			sourceTree = "<group>";
		};
		1F85917920683F3A00F84540 /* Shared */ = {
			isa = PBXGroup;
			children = (
				1F85918020683FB700F84540 /* Connection */,
				1F85917D20683F6200F84540 /* Mocks */,
			);
			path = Shared;
			sourceTree = "<group>";
		};
		1F85917A20683F4400F84540 /* Features */ = {
			isa = PBXGroup;
			children = (
				1F85917B20683F4C00F84540 /* Login */,
			);
			path = Features;
			sourceTree = "<group>";
		};
		1F85917B20683F4C00F84540 /* Login */ = {
			isa = PBXGroup;
			children = (
				1F85917C20683F5300F84540 /* Connection */,
			);
			path = Login;
			sourceTree = "<group>";
		};
		1F85917C20683F5300F84540 /* Connection */ = {
			isa = PBXGroup;
			children = (
				1F85917E20683F9600F84540 /* LoginServiceSpec.swift */,
			);
			path = Connection;
			sourceTree = "<group>";
		};
		1F85917D20683F6200F84540 /* Mocks */ = {
			isa = PBXGroup;
			children = (
			);
			path = Mocks;
			sourceTree = "<group>";
		};
		1F85918020683FB700F84540 /* Connection */ = {
			isa = PBXGroup;
			children = (
			);
			path = Connection;
			sourceTree = "<group>";
		};
		1F859181206843C800F84540 /* Controller */ = {
			isa = PBXGroup;
			children = (
				1F85918820684D2D00F84540 /* LoginViewController.swift */,
			);
			path = Controller;
			sourceTree = "<group>";
		};
		1F859182206843D100F84540 /* View */ = {
			isa = PBXGroup;
			children = (
				1F859186206846FF00F84540 /* LoginView.swift */,
			);
			path = View;
			sourceTree = "<group>";
		};
		1F859183206843DF00F84540 /* View */ = {
			isa = PBXGroup;
			children = (
				1F8591842068457E00F84540 /* ViewConfiguration.swift */,
			);
			path = View;
			sourceTree = "<group>";
		};
		1F85918A20685C0100F84540 /* Invoice */ = {
			isa = PBXGroup;
			children = (
				1F85919A206874DC00F84540 /* DataSource */,
				1F859197206869EA00F84540 /* Cell */,
				1F85918E20685C4100F84540 /* Model */,
				1F85918D20685C1900F84540 /* Service */,
				1F85918C20685C1200F84540 /* Controller */,
				1F85918B20685C0E00F84540 /* View */,
			);
			path = Invoice;
			sourceTree = "<group>";
		};
		1F85918B20685C0E00F84540 /* View */ = {
			isa = PBXGroup;
			children = (
				1F8591952068665900F84540 /* InvoiceView.swift */,
			);
			path = View;
			sourceTree = "<group>";
		};
		1F85918C20685C1200F84540 /* Controller */ = {
			isa = PBXGroup;
			children = (
				1F85919320685DC800F84540 /* InvoiceViewController.swift */,
			);
			path = Controller;
			sourceTree = "<group>";
		};
		1F85918D20685C1900F84540 /* Service */ = {
			isa = PBXGroup;
			children = (
				1F85918F20685C6A00F84540 /* InvoiceService.swift */,
			);
			path = Service;
			sourceTree = "<group>";
		};
		1F85918E20685C4100F84540 /* Model */ = {
			isa = PBXGroup;
			children = (
				1F85919120685CA700F84540 /* Invoice.swift */,
				1F85919D206882A500F84540 /* InvoiceStatus.swift */,
			);
			path = Model;
			sourceTree = "<group>";
		};
		1F859197206869EA00F84540 /* Cell */ = {
			isa = PBXGroup;
			children = (
				1F85919820686A0D00F84540 /* InvoiceTableViewCell.swift */,
			);
			path = Cell;
			sourceTree = "<group>";
		};
		1F85919A206874DC00F84540 /* DataSource */ = {
			isa = PBXGroup;
			children = (
				1F85919B206874F200F84540 /* InvoiceDataSource.swift */,
			);
			path = DataSource;
			sourceTree = "<group>";
		};
		C70F327547331D45CD191E74 /* Frameworks */ = {
			isa = PBXGroup;
			children = (
				5169849646C9954A7A7860FA /* Pods_bpp_mobile_test.framework */,
				B61F4E1558E9F12929F804DF /* Pods_bpp_mobile_testTests.framework */,
			);
			name = Frameworks;
			sourceTree = "<group>";
		};
		D68EE7FEE38F31A43AFC5337 /* Pods */ = {
			isa = PBXGroup;
			children = (
				66F209FA688E292FD2B944F4 /* Pods-bpp-mobile-test.debug.xcconfig */,
				714DB2D0CE69290230BBEC99 /* Pods-bpp-mobile-test.release.xcconfig */,
				80FEE4A2662A6ACEBEE24342 /* Pods-bpp-mobile-testTests.debug.xcconfig */,
				333A41103A063AF1F16547CA /* Pods-bpp-mobile-testTests.release.xcconfig */,
			);
			name = Pods;
			sourceTree = "<group>";
		};
/* End PBXGroup section */

/* Begin PBXNativeTarget section */
		1F8591372067FAFD00F84540 /* bpp-mobile-test */ = {
			isa = PBXNativeTarget;
			buildConfigurationList = 1F8591552067FAFE00F84540 /* Build configuration list for PBXNativeTarget "bpp-mobile-test" */;
			buildPhases = (
				0AFA949CD343F05E69759713 /* [CP] Check Pods Manifest.lock */,
				1F8591342067FAFD00F84540 /* Sources */,
				1F8591352067FAFD00F84540 /* Frameworks */,
				1F8591362067FAFD00F84540 /* Resources */,
				52CEE3E69B34EA944B0FB34C /* [CP] Embed Pods Frameworks */,
				5B7DD474C18EB9E677D9710A /* [CP] Copy Pods Resources */,
			);
			buildRules = (
			);
			dependencies = (
			);
			name = "bpp-mobile-test";
			productName = "bpp-mobile-test";
			productReference = 1F8591382067FAFD00F84540 /* bpp-mobile-test.app */;
			productType = "com.apple.product-type.application";
		};
		1F85914B2067FAFE00F84540 /* bpp-mobile-testTests */ = {
			isa = PBXNativeTarget;
			buildConfigurationList = 1F8591582067FAFE00F84540 /* Build configuration list for PBXNativeTarget "bpp-mobile-testTests" */;
			buildPhases = (
				1A2E68A882FE5B9BF3CAEA8D /* [CP] Check Pods Manifest.lock */,
				1F8591482067FAFE00F84540 /* Sources */,
				1F8591492067FAFE00F84540 /* Frameworks */,
				1F85914A2067FAFE00F84540 /* Resources */,
				E60B65EE9D010E37DBCFF916 /* [CP] Embed Pods Frameworks */,
				807573AA39BF09E3274A6321 /* [CP] Copy Pods Resources */,
			);
			buildRules = (
			);
			dependencies = (
				1F85914E2067FAFE00F84540 /* PBXTargetDependency */,
			);
			name = "bpp-mobile-testTests";
			productName = "bpp-mobile-testTests";
			productReference = 1F85914C2067FAFE00F84540 /* bpp-mobile-testTests.xctest */;
			productType = "com.apple.product-type.bundle.unit-test";
		};
/* End PBXNativeTarget section */

/* Begin PBXProject section */
		1F8591302067FAFD00F84540 /* Project object */ = {
			isa = PBXProject;
			attributes = {
				LastSwiftUpdateCheck = 0920;
				LastUpgradeCheck = 0920;
				ORGANIZATIONNAME = "Emerson Mendes Filho";
				TargetAttributes = {
					1F8591372067FAFD00F84540 = {
						CreatedOnToolsVersion = 9.2;
						ProvisioningStyle = Automatic;
					};
					1F85914B2067FAFE00F84540 = {
						CreatedOnToolsVersion = 9.2;
						ProvisioningStyle = Automatic;
						TestTargetID = 1F8591372067FAFD00F84540;
					};
				};
			};
			buildConfigurationList = 1F8591332067FAFD00F84540 /* Build configuration list for PBXProject "bpp-mobile-test" */;
			compatibilityVersion = "Xcode 8.0";
			developmentRegion = en;
			hasScannedForEncodings = 0;
			knownRegions = (
				en,
				Base,
			);
			mainGroup = 1F85912F2067FAFD00F84540;
			productRefGroup = 1F8591392067FAFD00F84540 /* Products */;
			projectDirPath = "";
			projectRoot = "";
			targets = (
				1F8591372067FAFD00F84540 /* bpp-mobile-test */,
				1F85914B2067FAFE00F84540 /* bpp-mobile-testTests */,
			);
		};
/* End PBXProject section */

/* Begin PBXResourcesBuildPhase section */
		1F8591362067FAFD00F84540 /* Resources */ = {
			isa = PBXResourcesBuildPhase;
			buildActionMask = 2147483647;
			files = (
				1F8591462067FAFD00F84540 /* LaunchScreen.storyboard in Resources */,
				1F8591432067FAFD00F84540 /* Assets.xcassets in Resources */,
			);
			runOnlyForDeploymentPostprocessing = 0;
		};
		1F85914A2067FAFE00F84540 /* Resources */ = {
			isa = PBXResourcesBuildPhase;
			buildActionMask = 2147483647;
			files = (
			);
			runOnlyForDeploymentPostprocessing = 0;
		};
/* End PBXResourcesBuildPhase section */

/* Begin PBXShellScriptBuildPhase section */
		0AFA949CD343F05E69759713 /* [CP] Check Pods Manifest.lock */ = {
			isa = PBXShellScriptBuildPhase;
			buildActionMask = 2147483647;
			files = (
			);
			inputPaths = (
				"${PODS_PODFILE_DIR_PATH}/Podfile.lock",
				"${PODS_ROOT}/Manifest.lock",
			);
			name = "[CP] Check Pods Manifest.lock";
			outputPaths = (
				"$(DERIVED_FILE_DIR)/Pods-bpp-mobile-test-checkManifestLockResult.txt",
			);
			runOnlyForDeploymentPostprocessing = 0;
			shellPath = /bin/sh;
			shellScript = "diff \"${PODS_PODFILE_DIR_PATH}/Podfile.lock\" \"${PODS_ROOT}/Manifest.lock\" > /dev/null\nif [ $? != 0 ] ; then\n    # print error to STDERR\n    echo \"error: The sandbox is not in sync with the Podfile.lock. Run 'pod install' or update your CocoaPods installation.\" >&2\n    exit 1\nfi\n# This output is used by Xcode 'outputs' to avoid re-running this script phase.\necho \"SUCCESS\" > \"${SCRIPT_OUTPUT_FILE_0}\"\n";
			showEnvVarsInLog = 0;
		};
		1A2E68A882FE5B9BF3CAEA8D /* [CP] Check Pods Manifest.lock */ = {
			isa = PBXShellScriptBuildPhase;
			buildActionMask = 2147483647;
			files = (
			);
			inputPaths = (
				"${PODS_PODFILE_DIR_PATH}/Podfile.lock",
				"${PODS_ROOT}/Manifest.lock",
			);
			name = "[CP] Check Pods Manifest.lock";
			outputPaths = (
				"$(DERIVED_FILE_DIR)/Pods-bpp-mobile-testTests-checkManifestLockResult.txt",
			);
			runOnlyForDeploymentPostprocessing = 0;
			shellPath = /bin/sh;
			shellScript = "diff \"${PODS_PODFILE_DIR_PATH}/Podfile.lock\" \"${PODS_ROOT}/Manifest.lock\" > /dev/null\nif [ $? != 0 ] ; then\n    # print error to STDERR\n    echo \"error: The sandbox is not in sync with the Podfile.lock. Run 'pod install' or update your CocoaPods installation.\" >&2\n    exit 1\nfi\n# This output is used by Xcode 'outputs' to avoid re-running this script phase.\necho \"SUCCESS\" > \"${SCRIPT_OUTPUT_FILE_0}\"\n";
			showEnvVarsInLog = 0;
		};
		52CEE3E69B34EA944B0FB34C /* [CP] Embed Pods Frameworks */ = {
			isa = PBXShellScriptBuildPhase;
			buildActionMask = 2147483647;
			files = (
			);
			inputPaths = (
				"${SRCROOT}/Pods/Target Support Files/Pods-bpp-mobile-test/Pods-bpp-mobile-test-frameworks.sh",
				"${BUILT_PRODUCTS_DIR}/SnapKit/SnapKit.framework",
			);
			name = "[CP] Embed Pods Frameworks";
			outputPaths = (
				"${TARGET_BUILD_DIR}/${FRAMEWORKS_FOLDER_PATH}/SnapKit.framework",
			);
			runOnlyForDeploymentPostprocessing = 0;
			shellPath = /bin/sh;
			shellScript = "\"${SRCROOT}/Pods/Target Support Files/Pods-bpp-mobile-test/Pods-bpp-mobile-test-frameworks.sh\"\n";
			showEnvVarsInLog = 0;
		};
		5B7DD474C18EB9E677D9710A /* [CP] Copy Pods Resources */ = {
			isa = PBXShellScriptBuildPhase;
			buildActionMask = 2147483647;
			files = (
			);
			inputPaths = (
			);
			name = "[CP] Copy Pods Resources";
			outputPaths = (
			);
			runOnlyForDeploymentPostprocessing = 0;
			shellPath = /bin/sh;
			shellScript = "\"${SRCROOT}/Pods/Target Support Files/Pods-bpp-mobile-test/Pods-bpp-mobile-test-resources.sh\"\n";
			showEnvVarsInLog = 0;
		};
		807573AA39BF09E3274A6321 /* [CP] Copy Pods Resources */ = {
			isa = PBXShellScriptBuildPhase;
			buildActionMask = 2147483647;
			files = (
			);
			inputPaths = (
			);
			name = "[CP] Copy Pods Resources";
			outputPaths = (
			);
			runOnlyForDeploymentPostprocessing = 0;
			shellPath = /bin/sh;
			shellScript = "\"${SRCROOT}/Pods/Target Support Files/Pods-bpp-mobile-testTests/Pods-bpp-mobile-testTests-resources.sh\"\n";
			showEnvVarsInLog = 0;
		};
		E60B65EE9D010E37DBCFF916 /* [CP] Embed Pods Frameworks */ = {
			isa = PBXShellScriptBuildPhase;
			buildActionMask = 2147483647;
			files = (
			);
			inputPaths = (
				"${SRCROOT}/Pods/Target Support Files/Pods-bpp-mobile-testTests/Pods-bpp-mobile-testTests-frameworks.sh",
				"${BUILT_PRODUCTS_DIR}/Nimble/Nimble.framework",
			);
			name = "[CP] Embed Pods Frameworks";
			outputPaths = (
				"${TARGET_BUILD_DIR}/${FRAMEWORKS_FOLDER_PATH}/Nimble.framework",
			);
			runOnlyForDeploymentPostprocessing = 0;
			shellPath = /bin/sh;
			shellScript = "\"${SRCROOT}/Pods/Target Support Files/Pods-bpp-mobile-testTests/Pods-bpp-mobile-testTests-frameworks.sh\"\n";
			showEnvVarsInLog = 0;
		};
/* End PBXShellScriptBuildPhase section */

/* Begin PBXSourcesBuildPhase section */
		1F8591342067FAFD00F84540 /* Sources */ = {
			isa = PBXSourcesBuildPhase;
			buildActionMask = 2147483647;
			files = (
				1F85916220681EAE00F84540 /* Request.swift in Sources */,
				1F85916E2068247200F84540 /* ConnectionRouter.swift in Sources */,
				1F85919C206874F200F84540 /* InvoiceDataSource.swift in Sources */,
				1F8591962068665900F84540 /* InvoiceView.swift in Sources */,
				1F85919920686A0D00F84540 /* InvoiceTableViewCell.swift in Sources */,
				1F85918920684D2D00F84540 /* LoginViewController.swift in Sources */,
				1F8591852068457E00F84540 /* ViewConfiguration.swift in Sources */,
				1F85916A2068204500F84540 /* ConnectionEnvironment.swift in Sources */,
				1F85919220685CA700F84540 /* Invoice.swift in Sources */,
				1F85913C2067FAFD00F84540 /* AppDelegate.swift in Sources */,
				1F85916820681F8500F84540 /* ConnectionDispatcher.swift in Sources */,
				1F85919020685C6A00F84540 /* InvoiceService.swift in Sources */,
				1F8591732068261D00F84540 /* LoginService.swift in Sources */,
				1F859187206846FF00F84540 /* LoginView.swift in Sources */,
				1F85919420685DC800F84540 /* InvoiceViewController.swift in Sources */,
				1F85916C2068207D00F84540 /* ConnectionCore.swift in Sources */,
				1F85916620681F3B00F84540 /* Result.swift in Sources */,
				1F8591782068370D00F84540 /* ResponseModel.swift in Sources */,
				1F85916420681ED300F84540 /* Response.swift in Sources */,
				1F85919E206882A500F84540 /* InvoiceStatus.swift in Sources */,
				1F85915E20681E4700F84540 /* Dispatcher.swift in Sources */,
			);
			runOnlyForDeploymentPostprocessing = 0;
		};
		1F8591482067FAFE00F84540 /* Sources */ = {
			isa = PBXSourcesBuildPhase;
			buildActionMask = 2147483647;
			files = (
				1F85917F20683F9600F84540 /* LoginServiceSpec.swift in Sources */,
				1F8591512067FAFE00F84540 /* bpp_mobile_testTests.swift in Sources */,
			);
			runOnlyForDeploymentPostprocessing = 0;
		};
/* End PBXSourcesBuildPhase section */

/* Begin PBXTargetDependency section */
		1F85914E2067FAFE00F84540 /* PBXTargetDependency */ = {
			isa = PBXTargetDependency;
			target = 1F8591372067FAFD00F84540 /* bpp-mobile-test */;
			targetProxy = 1F85914D2067FAFE00F84540 /* PBXContainerItemProxy */;
		};
/* End PBXTargetDependency section */

/* Begin PBXVariantGroup section */
		1F8591442067FAFD00F84540 /* LaunchScreen.storyboard */ = {
			isa = PBXVariantGroup;
			children = (
				1F8591452067FAFD00F84540 /* Base */,
			);
			name = LaunchScreen.storyboard;
			sourceTree = "<group>";
		};
/* End PBXVariantGroup section */

/* Begin XCBuildConfiguration section */
		1F8591532067FAFE00F84540 /* Debug */ = {
			isa = XCBuildConfiguration;
			buildSettings = {
				ALWAYS_SEARCH_USER_PATHS = NO;
				CLANG_ANALYZER_NONNULL = YES;
				CLANG_ANALYZER_NUMBER_OBJECT_CONVERSION = YES_AGGRESSIVE;
				CLANG_CXX_LANGUAGE_STANDARD = "gnu++14";
				CLANG_CXX_LIBRARY = "libc++";
				CLANG_ENABLE_MODULES = YES;
				CLANG_ENABLE_OBJC_ARC = YES;
				CLANG_WARN_BLOCK_CAPTURE_AUTORELEASING = YES;
				CLANG_WARN_BOOL_CONVERSION = YES;
				CLANG_WARN_COMMA = YES;
				CLANG_WARN_CONSTANT_CONVERSION = YES;
				CLANG_WARN_DIRECT_OBJC_ISA_USAGE = YES_ERROR;
				CLANG_WARN_DOCUMENTATION_COMMENTS = YES;
				CLANG_WARN_EMPTY_BODY = YES;
				CLANG_WARN_ENUM_CONVERSION = YES;
				CLANG_WARN_INFINITE_RECURSION = YES;
				CLANG_WARN_INT_CONVERSION = YES;
				CLANG_WARN_NON_LITERAL_NULL_CONVERSION = YES;
				CLANG_WARN_OBJC_LITERAL_CONVERSION = YES;
				CLANG_WARN_OBJC_ROOT_CLASS = YES_ERROR;
				CLANG_WARN_RANGE_LOOP_ANALYSIS = YES;
				CLANG_WARN_STRICT_PROTOTYPES = YES;
				CLANG_WARN_SUSPICIOUS_MOVE = YES;
				CLANG_WARN_UNGUARDED_AVAILABILITY = YES_AGGRESSIVE;
				CLANG_WARN_UNREACHABLE_CODE = YES;
				CLANG_WARN__DUPLICATE_METHOD_MATCH = YES;
				CODE_SIGN_IDENTITY = "iPhone Developer";
				COPY_PHASE_STRIP = NO;
				DEBUG_INFORMATION_FORMAT = dwarf;
				ENABLE_STRICT_OBJC_MSGSEND = YES;
				ENABLE_TESTABILITY = YES;
				GCC_C_LANGUAGE_STANDARD = gnu11;
				GCC_DYNAMIC_NO_PIC = NO;
				GCC_NO_COMMON_BLOCKS = YES;
				GCC_OPTIMIZATION_LEVEL = 0;
				GCC_PREPROCESSOR_DEFINITIONS = (
					"DEBUG=1",
					"$(inherited)",
				);
				GCC_WARN_64_TO_32_BIT_CONVERSION = YES;
				GCC_WARN_ABOUT_RETURN_TYPE = YES_ERROR;
				GCC_WARN_UNDECLARED_SELECTOR = YES;
				GCC_WARN_UNINITIALIZED_AUTOS = YES_AGGRESSIVE;
				GCC_WARN_UNUSED_FUNCTION = YES;
				GCC_WARN_UNUSED_VARIABLE = YES;
				IPHONEOS_DEPLOYMENT_TARGET = 11.2;
				MTL_ENABLE_DEBUG_INFO = YES;
				ONLY_ACTIVE_ARCH = YES;
				SDKROOT = iphoneos;
				SWIFT_ACTIVE_COMPILATION_CONDITIONS = DEBUG;
				SWIFT_OPTIMIZATION_LEVEL = "-Onone";
			};
			name = Debug;
		};
		1F8591542067FAFE00F84540 /* Release */ = {
			isa = XCBuildConfiguration;
			buildSettings = {
				ALWAYS_SEARCH_USER_PATHS = NO;
				CLANG_ANALYZER_NONNULL = YES;
				CLANG_ANALYZER_NUMBER_OBJECT_CONVERSION = YES_AGGRESSIVE;
				CLANG_CXX_LANGUAGE_STANDARD = "gnu++14";
				CLANG_CXX_LIBRARY = "libc++";
				CLANG_ENABLE_MODULES = YES;
				CLANG_ENABLE_OBJC_ARC = YES;
				CLANG_WARN_BLOCK_CAPTURE_AUTORELEASING = YES;
				CLANG_WARN_BOOL_CONVERSION = YES;
				CLANG_WARN_COMMA = YES;
				CLANG_WARN_CONSTANT_CONVERSION = YES;
				CLANG_WARN_DIRECT_OBJC_ISA_USAGE = YES_ERROR;
				CLANG_WARN_DOCUMENTATION_COMMENTS = YES;
				CLANG_WARN_EMPTY_BODY = YES;
				CLANG_WARN_ENUM_CONVERSION = YES;
				CLANG_WARN_INFINITE_RECURSION = YES;
				CLANG_WARN_INT_CONVERSION = YES;
				CLANG_WARN_NON_LITERAL_NULL_CONVERSION = YES;
				CLANG_WARN_OBJC_LITERAL_CONVERSION = YES;
				CLANG_WARN_OBJC_ROOT_CLASS = YES_ERROR;
				CLANG_WARN_RANGE_LOOP_ANALYSIS = YES;
				CLANG_WARN_STRICT_PROTOTYPES = YES;
				CLANG_WARN_SUSPICIOUS_MOVE = YES;
				CLANG_WARN_UNGUARDED_AVAILABILITY = YES_AGGRESSIVE;
				CLANG_WARN_UNREACHABLE_CODE = YES;
				CLANG_WARN__DUPLICATE_METHOD_MATCH = YES;
				CODE_SIGN_IDENTITY = "iPhone Developer";
				COPY_PHASE_STRIP = NO;
				DEBUG_INFORMATION_FORMAT = "dwarf-with-dsym";
				ENABLE_NS_ASSERTIONS = NO;
				ENABLE_STRICT_OBJC_MSGSEND = YES;
				GCC_C_LANGUAGE_STANDARD = gnu11;
				GCC_NO_COMMON_BLOCKS = YES;
				GCC_WARN_64_TO_32_BIT_CONVERSION = YES;
				GCC_WARN_ABOUT_RETURN_TYPE = YES_ERROR;
				GCC_WARN_UNDECLARED_SELECTOR = YES;
				GCC_WARN_UNINITIALIZED_AUTOS = YES_AGGRESSIVE;
				GCC_WARN_UNUSED_FUNCTION = YES;
				GCC_WARN_UNUSED_VARIABLE = YES;
				IPHONEOS_DEPLOYMENT_TARGET = 11.2;
				MTL_ENABLE_DEBUG_INFO = NO;
				SDKROOT = iphoneos;
				SWIFT_OPTIMIZATION_LEVEL = "-Owholemodule";
				VALIDATE_PRODUCT = YES;
			};
			name = Release;
		};
		1F8591562067FAFE00F84540 /* Debug */ = {
			isa = XCBuildConfiguration;
			baseConfigurationReference = 66F209FA688E292FD2B944F4 /* Pods-bpp-mobile-test.debug.xcconfig */;
			buildSettings = {
				ASSETCATALOG_COMPILER_APPICON_NAME = AppIcon;
				CODE_SIGN_STYLE = Automatic;
				INFOPLIST_FILE = "bpp-mobile-test/Info.plist";
				LD_RUNPATH_SEARCH_PATHS = "$(inherited) @executable_path/Frameworks";
				PRODUCT_BUNDLE_IDENTIFIER = "com.mendes.emerson.bpp-mobile-test";
				PRODUCT_NAME = "$(TARGET_NAME)";
				SWIFT_VERSION = 4.0;
				TARGETED_DEVICE_FAMILY = "1,2";
			};
			name = Debug;
		};
		1F8591572067FAFE00F84540 /* Release */ = {
			isa = XCBuildConfiguration;
			baseConfigurationReference = 714DB2D0CE69290230BBEC99 /* Pods-bpp-mobile-test.release.xcconfig */;
			buildSettings = {
				ASSETCATALOG_COMPILER_APPICON_NAME = AppIcon;
				CODE_SIGN_STYLE = Automatic;
				INFOPLIST_FILE = "bpp-mobile-test/Info.plist";
				LD_RUNPATH_SEARCH_PATHS = "$(inherited) @executable_path/Frameworks";
				PRODUCT_BUNDLE_IDENTIFIER = "com.mendes.emerson.bpp-mobile-test";
				PRODUCT_NAME = "$(TARGET_NAME)";
				SWIFT_VERSION = 4.0;
				TARGETED_DEVICE_FAMILY = "1,2";
			};
			name = Release;
		};
		1F8591592067FAFE00F84540 /* Debug */ = {
			isa = XCBuildConfiguration;
			baseConfigurationReference = 80FEE4A2662A6ACEBEE24342 /* Pods-bpp-mobile-testTests.debug.xcconfig */;
			buildSettings = {
				ALWAYS_EMBED_SWIFT_STANDARD_LIBRARIES = YES;
				BUNDLE_LOADER = "$(TEST_HOST)";
				CODE_SIGN_STYLE = Automatic;
				INFOPLIST_FILE = "bpp-mobile-testTests/Info.plist";
				LD_RUNPATH_SEARCH_PATHS = "$(inherited) @executable_path/Frameworks @loader_path/Frameworks";
				PRODUCT_BUNDLE_IDENTIFIER = "com.mendes.emerson.bpp-mobile-testTests";
				PRODUCT_NAME = "$(TARGET_NAME)";
				SWIFT_VERSION = 4.0;
				TARGETED_DEVICE_FAMILY = "1,2";
				TEST_HOST = "$(BUILT_PRODUCTS_DIR)/bpp-mobile-test.app/bpp-mobile-test";
			};
			name = Debug;
		};
		1F85915A2067FAFE00F84540 /* Release */ = {
			isa = XCBuildConfiguration;
			baseConfigurationReference = 333A41103A063AF1F16547CA /* Pods-bpp-mobile-testTests.release.xcconfig */;
			buildSettings = {
				ALWAYS_EMBED_SWIFT_STANDARD_LIBRARIES = YES;
				BUNDLE_LOADER = "$(TEST_HOST)";
				CODE_SIGN_STYLE = Automatic;
				INFOPLIST_FILE = "bpp-mobile-testTests/Info.plist";
				LD_RUNPATH_SEARCH_PATHS = "$(inherited) @executable_path/Frameworks @loader_path/Frameworks";
				PRODUCT_BUNDLE_IDENTIFIER = "com.mendes.emerson.bpp-mobile-testTests";
				PRODUCT_NAME = "$(TARGET_NAME)";
				SWIFT_VERSION = 4.0;
				TARGETED_DEVICE_FAMILY = "1,2";
				TEST_HOST = "$(BUILT_PRODUCTS_DIR)/bpp-mobile-test.app/bpp-mobile-test";
			};
			name = Release;
		};
/* End XCBuildConfiguration section */

/* Begin XCConfigurationList section */
		1F8591332067FAFD00F84540 /* Build configuration list for PBXProject "bpp-mobile-test" */ = {
			isa = XCConfigurationList;
			buildConfigurations = (
				1F8591532067FAFE00F84540 /* Debug */,
				1F8591542067FAFE00F84540 /* Release */,
			);
			defaultConfigurationIsVisible = 0;
			defaultConfigurationName = Release;
		};
		1F8591552067FAFE00F84540 /* Build configuration list for PBXNativeTarget "bpp-mobile-test" */ = {
			isa = XCConfigurationList;
			buildConfigurations = (
				1F8591562067FAFE00F84540 /* Debug */,
				1F8591572067FAFE00F84540 /* Release */,
			);
			defaultConfigurationIsVisible = 0;
			defaultConfigurationName = Release;
		};
		1F8591582067FAFE00F84540 /* Build configuration list for PBXNativeTarget "bpp-mobile-testTests" */ = {
			isa = XCConfigurationList;
			buildConfigurations = (
				1F8591592067FAFE00F84540 /* Debug */,
				1F85915A2067FAFE00F84540 /* Release */,
			);
			defaultConfigurationIsVisible = 0;
			defaultConfigurationName = Release;
		};
/* End XCConfigurationList section */
	};
	rootObject = 1F8591302067FAFD00F84540 /* Project object */;
}
