PODS:
  - Nimble (7.0.2)
  - SnapKit (4.0.0)

DEPENDENCIES:
  - Nimble (~> 7.0.2)
  - SnapKit (~> 4.0.0)

SPEC CHECKSUMS:
  Nimble: bfe1f814edabba69ff145cb1283e04ed636a67f2
  SnapKit: a42d492c16e80209130a3379f73596c3454b7694

PODFILE CHECKSUM: 5998028e2eb1e91230d213914547598ad3827cde

COCOAPODS: 1.4.0
